
Microsoft Visual Studio Solution File, Format Version 12.00
# Visual Studio Version 16
VisualStudioVersion = 16.0.31402.337
MinimumVisualStudioVersion = 10.0.40219.1
Project("{FAE04EC0-301F-11D3-BF4B-00C04F79EFBC}") = "ImageEditor", "ImageEditor\ImageEditor.csproj", "{713EFAAC-3D53-4215-9C6D-17BDAFCC4F3A}"
EndProject
Global
	GlobalSection(SolutionConfigurationPlatforms) = preSolution
		Debug|Any CPU = Debug|Any CPU
		Release|Any CPU = Release|Any CPU
	EndGlobalSection
	GlobalSection(ProjectConfigurationPlatforms) = postSolution
		{713EFAAC-3D53-4215-9C6D-17BDAFCC4F3A}.Debug|Any CPU.ActiveCfg = Debug|Any CPU
		{713EFAAC-3D53-4215-9C6D-17BDAFCC4F3A}.Debug|Any CPU.Build.0 = Debug|Any CPU
		{713EFAAC-3D53-4215-9C6D-17BDAFCC4F3A}.Release|Any CPU.ActiveCfg = Release|Any CPU
		{713EFAAC-3D53-4215-9C6D-17BDAFCC4F3A}.Release|Any CPU.Build.0 = Release|Any CPU
	EndGlobalSection
	GlobalSection(SolutionProperties) = preSolution
		HideSolutionNode = FALSE
	EndGlobalSection
	GlobalSection(ExtensibilityGlobals) = postSolution
		SolutionGuid = {ED7CD8D0-AE08-4019-9FEB-5DC1008759A0}
	EndGlobalSection
EndGlobal
